
Microsoft Visual Studio Solution File, Format Version 12.00
# Visual Studio Version 17
VisualStudioVersion = 17.8.34205.153
MinimumVisualStudioVersion = 10.0.40219.1
Project("{9A19103F-16F7-4668-BE54-9A1E7A4F7556}") = "BulkyBookWeb", "BulkyWeb\BulkyBookWeb.csproj", "{0AFBDFBA-9010-4833-B960-F9282B14EF42}"
EndProject
Project("{9A19103F-16F7-4668-BE54-9A1E7A4F7556}") = "BulkyWebRazor_Temp", "BulkyWebRazor_Temp\BulkyWebRazor_Temp.csproj", "{09FA2B01-137A-489E-B6D8-876125C85173}"
EndProject
Project("{9A19103F-16F7-4668-BE54-9A1E7A4F7556}") = "BulkyBook.DataAccess", "Bulky.DataAccess\BulkyBook.DataAccess.csproj", "{047B82B4-47BB-4D75-8AA9-6AED4C5BA0D5}"
EndProject
Project("{9A19103F-16F7-4668-BE54-9A1E7A4F7556}") = "BulkyBook.Models", "Bulky.Models\BulkyBook.Models.csproj", "{E633F8EE-6D8A-4C72-A991-9D22BC5E36B8}"
EndProject
Project("{9A19103F-16F7-4668-BE54-9A1E7A4F7556}") = "BulkyBook.Utility", "Bulky.Utility\BulkyBook.Utility.csproj", "{EB430ECD-BDE5-4E31-9153-C406CC46CA37}"
EndProject
Project("{2150E333-8FDC-42A3-9474-1A3956D46DE8}") = "Solution Items", "Solution Items", "{2C9E4CCB-FACD-4EDE-BB9C-825B9C9F914D}"
	ProjectSection(SolutionItems) = preProject
		.editorconfig = .editorconfig
	EndProjectSection
EndProject
Global
	GlobalSection(SolutionConfigurationPlatforms) = preSolution
		Debug|Any CPU = Debug|Any CPU
		Release|Any CPU = Release|Any CPU
	EndGlobalSection
	GlobalSection(ProjectConfigurationPlatforms) = postSolution
		{0AFBDFBA-9010-4833-B960-F9282B14EF42}.Debug|Any CPU.ActiveCfg = Debug|Any CPU
		{0AFBDFBA-9010-4833-B960-F9282B14EF42}.Debug|Any CPU.Build.0 = Debug|Any CPU
		{0AFBDFBA-9010-4833-B960-F9282B14EF42}.Release|Any CPU.ActiveCfg = Release|Any CPU
		{0AFBDFBA-9010-4833-B960-F9282B14EF42}.Release|Any CPU.Build.0 = Release|Any CPU
		{09FA2B01-137A-489E-B6D8-876125C85173}.Debug|Any CPU.ActiveCfg = Debug|Any CPU
		{09FA2B01-137A-489E-B6D8-876125C85173}.Debug|Any CPU.Build.0 = Debug|Any CPU
		{09FA2B01-137A-489E-B6D8-876125C85173}.Release|Any CPU.ActiveCfg = Release|Any CPU
		{09FA2B01-137A-489E-B6D8-876125C85173}.Release|Any CPU.Build.0 = Release|Any CPU
		{047B82B4-47BB-4D75-8AA9-6AED4C5BA0D5}.Debug|Any CPU.ActiveCfg = Debug|Any CPU
		{047B82B4-47BB-4D75-8AA9-6AED4C5BA0D5}.Debug|Any CPU.Build.0 = Debug|Any CPU
		{047B82B4-47BB-4D75-8AA9-6AED4C5BA0D5}.Release|Any CPU.ActiveCfg = Release|Any CPU
		{047B82B4-47BB-4D75-8AA9-6AED4C5BA0D5}.Release|Any CPU.Build.0 = Release|Any CPU
		{E633F8EE-6D8A-4C72-A991-9D22BC5E36B8}.Debug|Any CPU.ActiveCfg = Debug|Any CPU
		{E633F8EE-6D8A-4C72-A991-9D22BC5E36B8}.Debug|Any CPU.Build.0 = Debug|Any CPU
		{E633F8EE-6D8A-4C72-A991-9D22BC5E36B8}.Release|Any CPU.ActiveCfg = Release|Any CPU
		{E633F8EE-6D8A-4C72-A991-9D22BC5E36B8}.Release|Any CPU.Build.0 = Release|Any CPU
		{EB430ECD-BDE5-4E31-9153-C406CC46CA37}.Debug|Any CPU.ActiveCfg = Debug|Any CPU
		{EB430ECD-BDE5-4E31-9153-C406CC46CA37}.Debug|Any CPU.Build.0 = Debug|Any CPU
		{EB430ECD-BDE5-4E31-9153-C406CC46CA37}.Release|Any CPU.ActiveCfg = Release|Any CPU
		{EB430ECD-BDE5-4E31-9153-C406CC46CA37}.Release|Any CPU.Build.0 = Release|Any CPU
	EndGlobalSection
	GlobalSection(SolutionProperties) = preSolution
		HideSolutionNode = FALSE
	EndGlobalSection
	GlobalSection(ExtensibilityGlobals) = postSolution
		SolutionGuid = {7C940AF7-C5BA-4156-8035-651D3644893A}
	EndGlobalSection
EndGlobal
